// !$*UTF8*$!
{
	archiveVersion = 1;
	classes = {
	};
	objectVersion = 50;
	objects = {

/* Begin PBXBuildFile section */
		851387E62222EBA800EC52BF /* VideoViewControllerViewModel.swift in Sources */ = {isa = PBXBuildFile; fileRef = 851387E52222EBA800EC52BF /* VideoViewControllerViewModel.swift */; };
		856FD8AF2221411500A6C294 /* AppDelegate.swift in Sources */ = {isa = PBXBuildFile; fileRef = 856FD8AE2221411500A6C294 /* AppDelegate.swift */; };
		856FD8B42221411500A6C294 /* Main.storyboard in Resources */ = {isa = PBXBuildFile; fileRef = 856FD8B22221411500A6C294 /* Main.storyboard */; };
		856FD8B62221411500A6C294 /* Assets.xcassets in Resources */ = {isa = PBXBuildFile; fileRef = 856FD8B52221411500A6C294 /* Assets.xcassets */; };
		856FD8B92221411500A6C294 /* LaunchScreen.storyboard in Resources */ = {isa = PBXBuildFile; fileRef = 856FD8B72221411500A6C294 /* LaunchScreen.storyboard */; };
		856FD8C72221421A00A6C294 /* stock-footage-abstract-forms.mp4 in Resources */ = {isa = PBXBuildFile; fileRef = 856FD8C12221421A00A6C294 /* stock-footage-abstract-forms.mp4 */; };
		856FD8C82221421A00A6C294 /* stock-footage-flowing-red-particles-red-liquid-creating-smoke.mp4 in Resources */ = {isa = PBXBuildFile; fileRef = 856FD8C22221421A00A6C294 /* stock-footage-flowing-red-particles-red-liquid-creating-smoke.mp4 */; };
		856FD8C92221421A00A6C294 /* stock-footage-textiles-fabric-backgrounds.mp4 in Resources */ = {isa = PBXBuildFile; fileRef = 856FD8C32221421A00A6C294 /* stock-footage-textiles-fabric-backgrounds.mp4 */; };
		856FD8CA2221421A00A6C294 /* stock-footage-lotus-root-silk-sugar-a-traditional-chinese-candy-food-in-the-history-now-few-people-will-do-this.mp4 in Resources */ = {isa = PBXBuildFile; fileRef = 856FD8C42221421A00A6C294 /* stock-footage-lotus-root-silk-sugar-a-traditional-chinese-candy-food-in-the-history-now-few-people-will-do-this.mp4 */; };
		856FD8CB2221421A00A6C294 /* stock-footage-scooping-ice-cream-with-ice-cream-scoop-from-the-tub.mp4 in Resources */ = {isa = PBXBuildFile; fileRef = 856FD8C52221421A00A6C294 /* stock-footage-scooping-ice-cream-with-ice-cream-scoop-from-the-tub.mp4 */; };
		856FD8CC2221421A00A6C294 /* stock-footage-old-cinematic-tape.mp4 in Resources */ = {isa = PBXBuildFile; fileRef = 856FD8C62221421A00A6C294 /* stock-footage-old-cinematic-tape.mp4 */; };
		856FD8CE22214C0600A6C294 /* VideoViewController.swift in Sources */ = {isa = PBXBuildFile; fileRef = 856FD8CD22214C0600A6C294 /* VideoViewController.swift */; };
		85D80AD9222181E100AB43DE /* PageViewController.swift in Sources */ = {isa = PBXBuildFile; fileRef = 85D80AD8222181E100AB43DE /* PageViewController.swift */; };
/* End PBXBuildFile section */

/* Begin PBXFileReference section */
		851387E52222EBA800EC52BF /* VideoViewControllerViewModel.swift */ = {isa = PBXFileReference; lastKnownFileType = sourcecode.swift; path = VideoViewControllerViewModel.swift; sourceTree = "<group>"; };
		856FD8AB2221411500A6C294 /* VideoLoops.app */ = {isa = PBXFileReference; explicitFileType = wrapper.application; includeInIndex = 0; path = VideoLoops.app; sourceTree = BUILT_PRODUCTS_DIR; };
		856FD8AE2221411500A6C294 /* AppDelegate.swift */ = {isa = PBXFileReference; lastKnownFileType = sourcecode.swift; path = AppDelegate.swift; sourceTree = "<group>"; };
		856FD8B32221411500A6C294 /* Base */ = {isa = PBXFileReference; lastKnownFileType = file.storyboard; name = Base; path = Base.lproj/Main.storyboard; sourceTree = "<group>"; };
		856FD8B52221411500A6C294 /* Assets.xcassets */ = {isa = PBXFileReference; lastKnownFileType = folder.assetcatalog; path = Assets.xcassets; sourceTree = "<group>"; };
		856FD8B82221411500A6C294 /* Base */ = {isa = PBXFileReference; lastKnownFileType = file.storyboard; name = Base; path = Base.lproj/LaunchScreen.storyboard; sourceTree = "<group>"; };
		856FD8BA2221411500A6C294 /* Info.plist */ = {isa = PBXFileReference; lastKnownFileType = text.plist.xml; path = Info.plist; sourceTree = "<group>"; };
		856FD8C12221421A00A6C294 /* stock-footage-abstract-forms.mp4 */ = {isa = PBXFileReference; lastKnownFileType = file; path = "stock-footage-abstract-forms.mp4"; sourceTree = "<group>"; };
		856FD8C22221421A00A6C294 /* stock-footage-flowing-red-particles-red-liquid-creating-smoke.mp4 */ = {isa = PBXFileReference; lastKnownFileType = file; path = "stock-footage-flowing-red-particles-red-liquid-creating-smoke.mp4"; sourceTree = "<group>"; };
		856FD8C32221421A00A6C294 /* stock-footage-textiles-fabric-backgrounds.mp4 */ = {isa = PBXFileReference; lastKnownFileType = file; path = "stock-footage-textiles-fabric-backgrounds.mp4"; sourceTree = "<group>"; };
		856FD8C42221421A00A6C294 /* stock-footage-lotus-root-silk-sugar-a-traditional-chinese-candy-food-in-the-history-now-few-people-will-do-this.mp4 */ = {isa = PBXFileReference; lastKnownFileType = file; path = "stock-footage-lotus-root-silk-sugar-a-traditional-chinese-candy-food-in-the-history-now-few-people-will-do-this.mp4"; sourceTree = "<group>"; };
		856FD8C52221421A00A6C294 /* stock-footage-scooping-ice-cream-with-ice-cream-scoop-from-the-tub.mp4 */ = {isa = PBXFileReference; lastKnownFileType = file; path = "stock-footage-scooping-ice-cream-with-ice-cream-scoop-from-the-tub.mp4"; sourceTree = "<group>"; };
		856FD8C62221421A00A6C294 /* stock-footage-old-cinematic-tape.mp4 */ = {isa = PBXFileReference; lastKnownFileType = file; path = "stock-footage-old-cinematic-tape.mp4"; sourceTree = "<group>"; };
		856FD8CD22214C0600A6C294 /* VideoViewController.swift */ = {isa = PBXFileReference; lastKnownFileType = sourcecode.swift; path = VideoViewController.swift; sourceTree = "<group>"; };
		85D80AD8222181E100AB43DE /* PageViewController.swift */ = {isa = PBXFileReference; lastKnownFileType = sourcecode.swift; path = PageViewController.swift; sourceTree = "<group>"; };
/* End PBXFileReference section */

/* Begin PBXFrameworksBuildPhase section */
		856FD8A82221411500A6C294 /* Frameworks */ = {
			isa = PBXFrameworksBuildPhase;
			buildActionMask = 2147483647;
			files = (
			);
			runOnlyForDeploymentPostprocessing = 0;
		};
/* End PBXFrameworksBuildPhase section */

/* Begin PBXGroup section */
		856FD8A22221411500A6C294 = {
			isa = PBXGroup;
			children = (
				856FD8AD2221411500A6C294 /* VideoLoops */,
				856FD8AC2221411500A6C294 /* Products */,
			);
			sourceTree = "<group>";
		};
		856FD8AC2221411500A6C294 /* Products */ = {
			isa = PBXGroup;
			children = (
				856FD8AB2221411500A6C294 /* VideoLoops.app */,
			);
			name = Products;
			sourceTree = "<group>";
		};
		856FD8AD2221411500A6C294 /* VideoLoops */ = {
			isa = PBXGroup;
			children = (
				856FD8C02221420900A6C294 /* Videos */,
				856FD8AE2221411500A6C294 /* AppDelegate.swift */,
				856FD8CD22214C0600A6C294 /* VideoViewController.swift */,
				851387E52222EBA800EC52BF /* VideoViewControllerViewModel.swift */,
				85D80AD8222181E100AB43DE /* PageViewController.swift */,
				856FD8B22221411500A6C294 /* Main.storyboard */,
				856FD8B52221411500A6C294 /* Assets.xcassets */,
				856FD8B72221411500A6C294 /* LaunchScreen.storyboard */,
				856FD8BA2221411500A6C294 /* Info.plist */,
			);
			path = VideoLoops;
			sourceTree = "<group>";
		};
		856FD8C02221420900A6C294 /* Videos */ = {
			isa = PBXGroup;
			children = (
				856FD8C12221421A00A6C294 /* stock-footage-abstract-forms.mp4 */,
				856FD8C22221421A00A6C294 /* stock-footage-flowing-red-particles-red-liquid-creating-smoke.mp4 */,
				856FD8C42221421A00A6C294 /* stock-footage-lotus-root-silk-sugar-a-traditional-chinese-candy-food-in-the-history-now-few-people-will-do-this.mp4 */,
				856FD8C62221421A00A6C294 /* stock-footage-old-cinematic-tape.mp4 */,
				856FD8C52221421A00A6C294 /* stock-footage-scooping-ice-cream-with-ice-cream-scoop-from-the-tub.mp4 */,
				856FD8C32221421A00A6C294 /* stock-footage-textiles-fabric-backgrounds.mp4 */,
			);
			path = Videos;
			sourceTree = "<group>";
		};
/* End PBXGroup section */

/* Begin PBXNativeTarget section */
		856FD8AA2221411500A6C294 /* VideoLoops */ = {
			isa = PBXNativeTarget;
			buildConfigurationList = 856FD8BD2221411500A6C294 /* Build configuration list for PBXNativeTarget "VideoLoops" */;
			buildPhases = (
				856FD8A72221411500A6C294 /* Sources */,
				856FD8A82221411500A6C294 /* Frameworks */,
				856FD8A92221411500A6C294 /* Resources */,
			);
			buildRules = (
			);
			dependencies = (
			);
			name = VideoLoops;
			productName = VideoLoops;
			productReference = 856FD8AB2221411500A6C294 /* VideoLoops.app */;
			productType = "com.apple.product-type.application";
		};
/* End PBXNativeTarget section */

/* Begin PBXProject section */
		856FD8A32221411500A6C294 /* Project object */ = {
			isa = PBXProject;
			attributes = {
				LastSwiftUpdateCheck = 1010;
				LastUpgradeCheck = 1010;
				ORGANIZATIONNAME = "Ghislain Leblanc";
				TargetAttributes = {
					856FD8AA2221411500A6C294 = {
						CreatedOnToolsVersion = 10.1;
					};
				};
			};
			buildConfigurationList = 856FD8A62221411500A6C294 /* Build configuration list for PBXProject "VideoLoops" */;
			compatibilityVersion = "Xcode 9.3";
			developmentRegion = en;
			hasScannedForEncodings = 0;
			knownRegions = (
				en,
				Base,
			);
			mainGroup = 856FD8A22221411500A6C294;
			productRefGroup = 856FD8AC2221411500A6C294 /* Products */;
			projectDirPath = "";
			projectRoot = "";
			targets = (
				856FD8AA2221411500A6C294 /* VideoLoops */,
			);
		};
/* End PBXProject section */

/* Begin PBXResourcesBuildPhase section */
		856FD8A92221411500A6C294 /* Resources */ = {
			isa = PBXResourcesBuildPhase;
			buildActionMask = 2147483647;
			files = (
				856FD8C72221421A00A6C294 /* stock-footage-abstract-forms.mp4 in Resources */,
				856FD8CB2221421A00A6C294 /* stock-footage-scooping-ice-cream-with-ice-cream-scoop-from-the-tub.mp4 in Resources */,
				856FD8B92221411500A6C294 /* LaunchScreen.storyboard in Resources */,
				856FD8CC2221421A00A6C294 /* stock-footage-old-cinematic-tape.mp4 in Resources */,
				856FD8CA2221421A00A6C294 /* stock-footage-lotus-root-silk-sugar-a-traditional-chinese-candy-food-in-the-history-now-few-people-will-do-this.mp4 in Resources */,
				856FD8C82221421A00A6C294 /* stock-footage-flowing-red-particles-red-liquid-creating-smoke.mp4 in Resources */,
				856FD8B62221411500A6C294 /* Assets.xcassets in Resources */,
				856FD8B42221411500A6C294 /* Main.storyboard in Resources */,
				856FD8C92221421A00A6C294 /* stock-footage-textiles-fabric-backgrounds.mp4 in Resources */,
			);
			runOnlyForDeploymentPostprocessing = 0;
		};
/* End PBXResourcesBuildPhase section */

/* Begin PBXSourcesBuildPhase section */
		856FD8A72221411500A6C294 /* Sources */ = {
			isa = PBXSourcesBuildPhase;
			buildActionMask = 2147483647;
			files = (
				856FD8AF2221411500A6C294 /* AppDelegate.swift in Sources */,
				856FD8CE22214C0600A6C294 /* VideoViewController.swift in Sources */,
				85D80AD9222181E100AB43DE /* PageViewController.swift in Sources */,
				851387E62222EBA800EC52BF /* VideoViewControllerViewModel.swift in Sources */,
			);
			runOnlyForDeploymentPostprocessing = 0;
		};
/* End PBXSourcesBuildPhase section */

/* Begin PBXVariantGroup section */
		856FD8B22221411500A6C294 /* Main.storyboard */ = {
			isa = PBXVariantGroup;
			children = (
				856FD8B32221411500A6C294 /* Base */,
			);
			name = Main.storyboard;
			sourceTree = "<group>";
		};
		856FD8B72221411500A6C294 /* LaunchScreen.storyboard */ = {
			isa = PBXVariantGroup;
			children = (
				856FD8B82221411500A6C294 /* Base */,
			);
			name = LaunchScreen.storyboard;
			sourceTree = "<group>";
		};
/* End PBXVariantGroup section */

/* Begin XCBuildConfiguration section */
		856FD8BB2221411500A6C294 /* Debug */ = {
			isa = XCBuildConfiguration;
			buildSettings = {
				ALWAYS_SEARCH_USER_PATHS = NO;
				CLANG_ANALYZER_NONNULL = YES;
				CLANG_ANALYZER_NUMBER_OBJECT_CONVERSION = YES_AGGRESSIVE;
				CLANG_CXX_LANGUAGE_STANDARD = "gnu++14";
				CLANG_CXX_LIBRARY = "libc++";
				CLANG_ENABLE_MODULES = YES;
				CLANG_ENABLE_OBJC_ARC = YES;
				CLANG_ENABLE_OBJC_WEAK = YES;
				CLANG_WARN_BLOCK_CAPTURE_AUTORELEASING = YES;
				CLANG_WARN_BOOL_CONVERSION = YES;
				CLANG_WARN_COMMA = YES;
				CLANG_WARN_CONSTANT_CONVERSION = YES;
				CLANG_WARN_DEPRECATED_OBJC_IMPLEMENTATIONS = YES;
				CLANG_WARN_DIRECT_OBJC_ISA_USAGE = YES_ERROR;
				CLANG_WARN_DOCUMENTATION_COMMENTS = YES;
				CLANG_WARN_EMPTY_BODY = YES;
				CLANG_WARN_ENUM_CONVERSION = YES;
				CLANG_WARN_INFINITE_RECURSION = YES;
				CLANG_WARN_INT_CONVERSION = YES;
				CLANG_WARN_NON_LITERAL_NULL_CONVERSION = YES;
				CLANG_WARN_OBJC_IMPLICIT_RETAIN_SELF = YES;
				CLANG_WARN_OBJC_LITERAL_CONVERSION = YES;
				CLANG_WARN_OBJC_ROOT_CLASS = YES_ERROR;
				CLANG_WARN_RANGE_LOOP_ANALYSIS = YES;
				CLANG_WARN_STRICT_PROTOTYPES = YES;
				CLANG_WARN_SUSPICIOUS_MOVE = YES;
				CLANG_WARN_UNGUARDED_AVAILABILITY = YES_AGGRESSIVE;
				CLANG_WARN_UNREACHABLE_CODE = YES;
				CLANG_WARN__DUPLICATE_METHOD_MATCH = YES;
				CODE_SIGN_IDENTITY = "iPhone Developer";
				COPY_PHASE_STRIP = NO;
				DEBUG_INFORMATION_FORMAT = dwarf;
				ENABLE_STRICT_OBJC_MSGSEND = YES;
				ENABLE_TESTABILITY = YES;
				GCC_C_LANGUAGE_STANDARD = gnu11;
				GCC_DYNAMIC_NO_PIC = NO;
				GCC_NO_COMMON_BLOCKS = YES;
				GCC_OPTIMIZATION_LEVEL = 0;
				GCC_PREPROCESSOR_DEFINITIONS = (
					"DEBUG=1",
					"$(inherited)",
				);
				GCC_WARN_64_TO_32_BIT_CONVERSION = YES;
				GCC_WARN_ABOUT_RETURN_TYPE = YES_ERROR;
				GCC_WARN_UNDECLARED_SELECTOR = YES;
				GCC_WARN_UNINITIALIZED_AUTOS = YES_AGGRESSIVE;
				GCC_WARN_UNUSED_FUNCTION = YES;
				GCC_WARN_UNUSED_VARIABLE = YES;
				IPHONEOS_DEPLOYMENT_TARGET = 12.1;
				MTL_ENABLE_DEBUG_INFO = INCLUDE_SOURCE;
				MTL_FAST_MATH = YES;
				ONLY_ACTIVE_ARCH = YES;
				SDKROOT = iphoneos;
				SWIFT_ACTIVE_COMPILATION_CONDITIONS = DEBUG;
				SWIFT_OPTIMIZATION_LEVEL = "-Onone";
			};
			name = Debug;
		};
		856FD8BC2221411500A6C294 /* Release */ = {
			isa = XCBuildConfiguration;
			buildSettings = {
				ALWAYS_SEARCH_USER_PATHS = NO;
				CLANG_ANALYZER_NONNULL = YES;
				CLANG_ANALYZER_NUMBER_OBJECT_CONVERSION = YES_AGGRESSIVE;
				CLANG_CXX_LANGUAGE_STANDARD = "gnu++14";
				CLANG_CXX_LIBRARY = "libc++";
				CLANG_ENABLE_MODULES = YES;
				CLANG_ENABLE_OBJC_ARC = YES;
				CLANG_ENABLE_OBJC_WEAK = YES;
				CLANG_WARN_BLOCK_CAPTURE_AUTORELEASING = YES;
				CLANG_WARN_BOOL_CONVERSION = YES;
				CLANG_WARN_COMMA = YES;
				CLANG_WARN_CONSTANT_CONVERSION = YES;
				CLANG_WARN_DEPRECATED_OBJC_IMPLEMENTATIONS = YES;
				CLANG_WARN_DIRECT_OBJC_ISA_USAGE = YES_ERROR;
				CLANG_WARN_DOCUMENTATION_COMMENTS = YES;
				CLANG_WARN_EMPTY_BODY = YES;
				CLANG_WARN_ENUM_CONVERSION = YES;
				CLANG_WARN_INFINITE_RECURSION = YES;
				CLANG_WARN_INT_CONVERSION = YES;
				CLANG_WARN_NON_LITERAL_NULL_CONVERSION = YES;
				CLANG_WARN_OBJC_IMPLICIT_RETAIN_SELF = YES;
				CLANG_WARN_OBJC_LITERAL_CONVERSION = YES;
				CLANG_WARN_OBJC_ROOT_CLASS = YES_ERROR;
				CLANG_WARN_RANGE_LOOP_ANALYSIS = YES;
				CLANG_WARN_STRICT_PROTOTYPES = YES;
				CLANG_WARN_SUSPICIOUS_MOVE = YES;
				CLANG_WARN_UNGUARDED_AVAILABILITY = YES_AGGRESSIVE;
				CLANG_WARN_UNREACHABLE_CODE = YES;
				CLANG_WARN__DUPLICATE_METHOD_MATCH = YES;
				CODE_SIGN_IDENTITY = "iPhone Developer";
				COPY_PHASE_STRIP = NO;
				DEBUG_INFORMATION_FORMAT = "dwarf-with-dsym";
				ENABLE_NS_ASSERTIONS = NO;
				ENABLE_STRICT_OBJC_MSGSEND = YES;
				GCC_C_LANGUAGE_STANDARD = gnu11;
				GCC_NO_COMMON_BLOCKS = YES;
				GCC_WARN_64_TO_32_BIT_CONVERSION = YES;
				GCC_WARN_ABOUT_RETURN_TYPE = YES_ERROR;
				GCC_WARN_UNDECLARED_SELECTOR = YES;
				GCC_WARN_UNINITIALIZED_AUTOS = YES_AGGRESSIVE;
				GCC_WARN_UNUSED_FUNCTION = YES;
				GCC_WARN_UNUSED_VARIABLE = YES;
				IPHONEOS_DEPLOYMENT_TARGET = 12.1;
				MTL_ENABLE_DEBUG_INFO = NO;
				MTL_FAST_MATH = YES;
				SDKROOT = iphoneos;
				SWIFT_COMPILATION_MODE = wholemodule;
				SWIFT_OPTIMIZATION_LEVEL = "-O";
				VALIDATE_PRODUCT = YES;
			};
			name = Release;
		};
		856FD8BE2221411500A6C294 /* Debug */ = {
			isa = XCBuildConfiguration;
			buildSettings = {
				ASSETCATALOG_COMPILER_APPICON_NAME = AppIcon;
				CODE_SIGN_STYLE = Automatic;
				DEVELOPMENT_TEAM = 9Y789C28ZZ;
				INFOPLIST_FILE = VideoLoops/Info.plist;
				LD_RUNPATH_SEARCH_PATHS = (
					"$(inherited)",
					"@executable_path/Frameworks",
				);
				PRODUCT_BUNDLE_IDENTIFIER = in.ghisla.VideoLoops;
				PRODUCT_NAME = "$(TARGET_NAME)";
				SWIFT_VERSION = 4.2;
				TARGETED_DEVICE_FAMILY = "1,2";
			};
			name = Debug;
		};
		856FD8BF2221411500A6C294 /* Release */ = {
			isa = XCBuildConfiguration;
			buildSettings = {
				ASSETCATALOG_COMPILER_APPICON_NAME = AppIcon;
				CODE_SIGN_STYLE = Automatic;
				DEVELOPMENT_TEAM = 9Y789C28ZZ;
				INFOPLIST_FILE = VideoLoops/Info.plist;
				LD_RUNPATH_SEARCH_PATHS = (
					"$(inherited)",
					"@executable_path/Frameworks",
				);
				PRODUCT_BUNDLE_IDENTIFIER = in.ghisla.VideoLoops;
				PRODUCT_NAME = "$(TARGET_NAME)";
				SWIFT_VERSION = 4.2;
				TARGETED_DEVICE_FAMILY = "1,2";
			};
			name = Release;
		};
/* End XCBuildConfiguration section */

/* Begin XCConfigurationList section */
		856FD8A62221411500A6C294 /* Build configuration list for PBXProject "VideoLoops" */ = {
			isa = XCConfigurationList;
			buildConfigurations = (
				856FD8BB2221411500A6C294 /* Debug */,
				856FD8BC2221411500A6C294 /* Release */,
			);
			defaultConfigurationIsVisible = 0;
			defaultConfigurationName = Release;
		};
		856FD8BD2221411500A6C294 /* Build configuration list for PBXNativeTarget "VideoLoops" */ = {
			isa = XCConfigurationList;
			buildConfigurations = (
				856FD8BE2221411500A6C294 /* Debug */,
				856FD8BF2221411500A6C294 /* Release */,
			);
			defaultConfigurationIsVisible = 0;
			defaultConfigurationName = Release;
		};
/* End XCConfigurationList section */
	};
	rootObject = 856FD8A32221411500A6C294 /* Project object */;
}
